
Microsoft Visual Studio Solution File, Format Version 12.00
# Visual Studio Version 17
VisualStudioVersion = 17.9.34728.123
MinimumVisualStudioVersion = 10.0.40219.1
Project("{FAE04EC0-301F-11D3-BF4B-00C04F79EFBC}") = "Spells", "Spells\Spells.csproj", "{7A861B93-9776-4C2F-ADE0-FB26FF6415B0}"
EndProject
Global
	GlobalSection(SolutionConfigurationPlatforms) = preSolution
		Debug|Any CPU = Debug|Any CPU
		Release|Any CPU = Release|Any CPU
	EndGlobalSection
	GlobalSection(ProjectConfigurationPlatforms) = postSolution
		{7A861B93-9776-4C2F-ADE0-FB26FF6415B0}.Debug|Any CPU.ActiveCfg = Debug|Any CPU
		{7A861B93-9776-4C2F-ADE0-FB26FF6415B0}.Debug|Any CPU.Build.0 = Debug|Any CPU
		{7A861B93-9776-4C2F-ADE0-FB26FF6415B0}.Release|Any CPU.ActiveCfg = Release|Any CPU
		{7A861B93-9776-4C2F-ADE0-FB26FF6415B0}.Release|Any CPU.Build.0 = Release|Any CPU
	EndGlobalSection
	GlobalSection(SolutionProperties) = preSolution
		HideSolutionNode = FALSE
	EndGlobalSection
	GlobalSection(ExtensibilityGlobals) = postSolution
		SolutionGuid = {6E33A3D4-BF33-4090-9E11-B32F0C29AF7A}
	EndGlobalSection
EndGlobal
